// !$*UTF8*$!
{
	archiveVersion = 1;
	classes = {
	};
	objectVersion = 48;
	objects = {

/* Begin PBXBuildFile section */
		F4050FAE202D2EDB006525D0 /* ResultViewController.swift in Sources */ = {isa = PBXBuildFile; fileRef = F4050FAD202D2EDB006525D0 /* ResultViewController.swift */; };
		F4293EAB2024064000625ED0 /* AppDelegate.swift in Sources */ = {isa = PBXBuildFile; fileRef = F4293EAA2024064000625ED0 /* AppDelegate.swift */; };
		F4293EAD2024064100625ED0 /* ViewController.swift in Sources */ = {isa = PBXBuildFile; fileRef = F4293EAC2024064100625ED0 /* ViewController.swift */; };
		F4293EB02024064100625ED0 /* Main.storyboard in Resources */ = {isa = PBXBuildFile; fileRef = F4293EAE2024064100625ED0 /* Main.storyboard */; };
		F4293EB22024064100625ED0 /* Assets.xcassets in Resources */ = {isa = PBXBuildFile; fileRef = F4293EB12024064100625ED0 /* Assets.xcassets */; };
		F4293EB52024064100625ED0 /* LaunchScreen.storyboard in Resources */ = {isa = PBXBuildFile; fileRef = F4293EB32024064100625ED0 /* LaunchScreen.storyboard */; };
		F4293EBD2024066800625ED0 /* Question.swift in Sources */ = {isa = PBXBuildFile; fileRef = F4293EBC2024066800625ED0 /* Question.swift */; };
		F4293EBF2024070E00625ED0 /* QuizModel.swift in Sources */ = {isa = PBXBuildFile; fileRef = F4293EBE2024070E00625ED0 /* QuizModel.swift */; };
		F499F09E202E8BB600F845C4 /* StateManager.swift in Sources */ = {isa = PBXBuildFile; fileRef = F499F09D202E8BB600F845C4 /* StateManager.swift */; };
/* End PBXBuildFile section */

/* Begin PBXFileReference section */
		F4050FAD202D2EDB006525D0 /* ResultViewController.swift */ = {isa = PBXFileReference; lastKnownFileType = sourcecode.swift; path = ResultViewController.swift; sourceTree = "<group>"; };
		F4293EA72024064000625ED0 /* QuizCWC.app */ = {isa = PBXFileReference; explicitFileType = wrapper.application; includeInIndex = 0; path = QuizCWC.app; sourceTree = BUILT_PRODUCTS_DIR; };
		F4293EAA2024064000625ED0 /* AppDelegate.swift */ = {isa = PBXFileReference; lastKnownFileType = sourcecode.swift; path = AppDelegate.swift; sourceTree = "<group>"; };
		F4293EAC2024064100625ED0 /* ViewController.swift */ = {isa = PBXFileReference; lastKnownFileType = sourcecode.swift; path = ViewController.swift; sourceTree = "<group>"; };
		F4293EAF2024064100625ED0 /* Base */ = {isa = PBXFileReference; lastKnownFileType = file.storyboard; name = Base; path = Base.lproj/Main.storyboard; sourceTree = "<group>"; };
		F4293EB12024064100625ED0 /* Assets.xcassets */ = {isa = PBXFileReference; lastKnownFileType = folder.assetcatalog; path = Assets.xcassets; sourceTree = "<group>"; };
		F4293EB42024064100625ED0 /* Base */ = {isa = PBXFileReference; lastKnownFileType = file.storyboard; name = Base; path = Base.lproj/LaunchScreen.storyboard; sourceTree = "<group>"; };
		F4293EB62024064100625ED0 /* Info.plist */ = {isa = PBXFileReference; lastKnownFileType = text.plist.xml; path = Info.plist; sourceTree = "<group>"; };
		F4293EBC2024066800625ED0 /* Question.swift */ = {isa = PBXFileReference; lastKnownFileType = sourcecode.swift; path = Question.swift; sourceTree = "<group>"; };
		F4293EBE2024070E00625ED0 /* QuizModel.swift */ = {isa = PBXFileReference; lastKnownFileType = sourcecode.swift; path = QuizModel.swift; sourceTree = "<group>"; };
		F499F09D202E8BB600F845C4 /* StateManager.swift */ = {isa = PBXFileReference; lastKnownFileType = sourcecode.swift; path = StateManager.swift; sourceTree = "<group>"; };
/* End PBXFileReference section */

/* Begin PBXFrameworksBuildPhase section */
		F4293EA42024064000625ED0 /* Frameworks */ = {
			isa = PBXFrameworksBuildPhase;
			buildActionMask = 2147483647;
			files = (
			);
			runOnlyForDeploymentPostprocessing = 0;
		};
/* End PBXFrameworksBuildPhase section */

/* Begin PBXGroup section */
		F4293E9E2024064000625ED0 = {
			isa = PBXGroup;
			children = (
				F4293EA92024064000625ED0 /* QuizCWC */,
				F4293EA82024064000625ED0 /* Products */,
			);
			sourceTree = "<group>";
		};
		F4293EA82024064000625ED0 /* Products */ = {
			isa = PBXGroup;
			children = (
				F4293EA72024064000625ED0 /* QuizCWC.app */,
			);
			name = Products;
			sourceTree = "<group>";
		};
		F4293EA92024064000625ED0 /* QuizCWC */ = {
			isa = PBXGroup;
			children = (
				F4293EAA2024064000625ED0 /* AppDelegate.swift */,
				F4293EAC2024064100625ED0 /* ViewController.swift */,
				F499F09D202E8BB600F845C4 /* StateManager.swift */,
				F4050FAD202D2EDB006525D0 /* ResultViewController.swift */,
				F4293EBC2024066800625ED0 /* Question.swift */,
				F4293EBE2024070E00625ED0 /* QuizModel.swift */,
				F4293EAE2024064100625ED0 /* Main.storyboard */,
				F4293EB12024064100625ED0 /* Assets.xcassets */,
				F4293EB32024064100625ED0 /* LaunchScreen.storyboard */,
				F4293EB62024064100625ED0 /* Info.plist */,
			);
			path = QuizCWC;
			sourceTree = "<group>";
		};
/* End PBXGroup section */

/* Begin PBXNativeTarget section */
		F4293EA62024064000625ED0 /* QuizCWC */ = {
			isa = PBXNativeTarget;
			buildConfigurationList = F4293EB92024064100625ED0 /* Build configuration list for PBXNativeTarget "QuizCWC" */;
			buildPhases = (
				F4293EA32024064000625ED0 /* Sources */,
				F4293EA42024064000625ED0 /* Frameworks */,
				F4293EA52024064000625ED0 /* Resources */,
			);
			buildRules = (
			);
			dependencies = (
			);
			name = QuizCWC;
			productName = QuizCWC;
			productReference = F4293EA72024064000625ED0 /* QuizCWC.app */;
			productType = "com.apple.product-type.application";
		};
/* End PBXNativeTarget section */

/* Begin PBXProject section */
		F4293E9F2024064000625ED0 /* Project object */ = {
			isa = PBXProject;
			attributes = {
				LastSwiftUpdateCheck = 0920;
				LastUpgradeCheck = 0930;
				ORGANIZATIONNAME = "Vitaliy Kurbatov";
				TargetAttributes = {
					F4293EA62024064000625ED0 = {
						CreatedOnToolsVersion = 9.2;
						ProvisioningStyle = Automatic;
					};
				};
			};
			buildConfigurationList = F4293EA22024064000625ED0 /* Build configuration list for PBXProject "QuizCWC" */;
			compatibilityVersion = "Xcode 8.0";
			developmentRegion = en;
			hasScannedForEncodings = 0;
			knownRegions = (
				en,
				Base,
			);
			mainGroup = F4293E9E2024064000625ED0;
			productRefGroup = F4293EA82024064000625ED0 /* Products */;
			projectDirPath = "";
			projectRoot = "";
			targets = (
				F4293EA62024064000625ED0 /* QuizCWC */,
			);
		};
/* End PBXProject section */

/* Begin PBXResourcesBuildPhase section */
		F4293EA52024064000625ED0 /* Resources */ = {
			isa = PBXResourcesBuildPhase;
			buildActionMask = 2147483647;
			files = (
				F4293EB52024064100625ED0 /* LaunchScreen.storyboard in Resources */,
				F4293EB22024064100625ED0 /* Assets.xcassets in Resources */,
				F4293EB02024064100625ED0 /* Main.storyboard in Resources */,
			);
			runOnlyForDeploymentPostprocessing = 0;
		};
/* End PBXResourcesBuildPhase section */

/* Begin PBXSourcesBuildPhase section */
		F4293EA32024064000625ED0 /* Sources */ = {
			isa = PBXSourcesBuildPhase;
			buildActionMask = 2147483647;
			files = (
				F4050FAE202D2EDB006525D0 /* ResultViewController.swift in Sources */,
				F4293EBF2024070E00625ED0 /* QuizModel.swift in Sources */,
				F4293EBD2024066800625ED0 /* Question.swift in Sources */,
				F499F09E202E8BB600F845C4 /* StateManager.swift in Sources */,
				F4293EAD2024064100625ED0 /* ViewController.swift in Sources */,
				F4293EAB2024064000625ED0 /* AppDelegate.swift in Sources */,
			);
			runOnlyForDeploymentPostprocessing = 0;
		};
/* End PBXSourcesBuildPhase section */

/* Begin PBXVariantGroup section */
		F4293EAE2024064100625ED0 /* Main.storyboard */ = {
			isa = PBXVariantGroup;
			children = (
				F4293EAF2024064100625ED0 /* Base */,
			);
			name = Main.storyboard;
			sourceTree = "<group>";
		};
		F4293EB32024064100625ED0 /* LaunchScreen.storyboard */ = {
			isa = PBXVariantGroup;
			children = (
				F4293EB42024064100625ED0 /* Base */,
			);
			name = LaunchScreen.storyboard;
			sourceTree = "<group>";
		};
/* End PBXVariantGroup section */

/* Begin XCBuildConfiguration section */
		F4293EB72024064100625ED0 /* Debug */ = {
			isa = XCBuildConfiguration;
			buildSettings = {
				ALWAYS_SEARCH_USER_PATHS = NO;
				CLANG_ANALYZER_NONNULL = YES;
				CLANG_ANALYZER_NUMBER_OBJECT_CONVERSION = YES_AGGRESSIVE;
				CLANG_CXX_LANGUAGE_STANDARD = "gnu++14";
				CLANG_CXX_LIBRARY = "libc++";
				CLANG_ENABLE_MODULES = YES;
				CLANG_ENABLE_OBJC_ARC = YES;
				CLANG_WARN_BLOCK_CAPTURE_AUTORELEASING = YES;
				CLANG_WARN_BOOL_CONVERSION = YES;
				CLANG_WARN_COMMA = YES;
				CLANG_WARN_CONSTANT_CONVERSION = YES;
				CLANG_WARN_DEPRECATED_OBJC_IMPLEMENTATIONS = YES;
				CLANG_WARN_DIRECT_OBJC_ISA_USAGE = YES_ERROR;
				CLANG_WARN_DOCUMENTATION_COMMENTS = YES;
				CLANG_WARN_EMPTY_BODY = YES;
				CLANG_WARN_ENUM_CONVERSION = YES;
				CLANG_WARN_INFINITE_RECURSION = YES;
				CLANG_WARN_INT_CONVERSION = YES;
				CLANG_WARN_NON_LITERAL_NULL_CONVERSION = YES;
				CLANG_WARN_OBJC_IMPLICIT_RETAIN_SELF = YES;
				CLANG_WARN_OBJC_LITERAL_CONVERSION = YES;
				CLANG_WARN_OBJC_ROOT_CLASS = YES_ERROR;
				CLANG_WARN_RANGE_LOOP_ANALYSIS = YES;
				CLANG_WARN_STRICT_PROTOTYPES = YES;
				CLANG_WARN_SUSPICIOUS_MOVE = YES;
				CLANG_WARN_UNGUARDED_AVAILABILITY = YES_AGGRESSIVE;
				CLANG_WARN_UNREACHABLE_CODE = YES;
				CLANG_WARN__DUPLICATE_METHOD_MATCH = YES;
				CODE_SIGN_IDENTITY = "iPhone Developer";
				COPY_PHASE_STRIP = NO;
				DEBUG_INFORMATION_FORMAT = dwarf;
				ENABLE_STRICT_OBJC_MSGSEND = YES;
				ENABLE_TESTABILITY = YES;
				GCC_C_LANGUAGE_STANDARD = gnu11;
				GCC_DYNAMIC_NO_PIC = NO;
				GCC_NO_COMMON_BLOCKS = YES;
				GCC_OPTIMIZATION_LEVEL = 0;
				GCC_PREPROCESSOR_DEFINITIONS = (
					"DEBUG=1",
					"$(inherited)",
				);
				GCC_WARN_64_TO_32_BIT_CONVERSION = YES;
				GCC_WARN_ABOUT_RETURN_TYPE = YES_ERROR;
				GCC_WARN_UNDECLARED_SELECTOR = YES;
				GCC_WARN_UNINITIALIZED_AUTOS = YES_AGGRESSIVE;
				GCC_WARN_UNUSED_FUNCTION = YES;
				GCC_WARN_UNUSED_VARIABLE = YES;
				IPHONEOS_DEPLOYMENT_TARGET = 11.2;
				MTL_ENABLE_DEBUG_INFO = YES;
				ONLY_ACTIVE_ARCH = YES;
				SDKROOT = iphoneos;
				SWIFT_ACTIVE_COMPILATION_CONDITIONS = DEBUG;
				SWIFT_OPTIMIZATION_LEVEL = "-Onone";
			};
			name = Debug;
		};
		F4293EB82024064100625ED0 /* Release */ = {
			isa = XCBuildConfiguration;
			buildSettings = {
				ALWAYS_SEARCH_USER_PATHS = NO;
				CLANG_ANALYZER_NONNULL = YES;
				CLANG_ANALYZER_NUMBER_OBJECT_CONVERSION = YES_AGGRESSIVE;
				CLANG_CXX_LANGUAGE_STANDARD = "gnu++14";
				CLANG_CXX_LIBRARY = "libc++";
				CLANG_ENABLE_MODULES = YES;
				CLANG_ENABLE_OBJC_ARC = YES;
				CLANG_WARN_BLOCK_CAPTURE_AUTORELEASING = YES;
				CLANG_WARN_BOOL_CONVERSION = YES;
				CLANG_WARN_COMMA = YES;
				CLANG_WARN_CONSTANT_CONVERSION = YES;
				CLANG_WARN_DEPRECATED_OBJC_IMPLEMENTATIONS = YES;
				CLANG_WARN_DIRECT_OBJC_ISA_USAGE = YES_ERROR;
				CLANG_WARN_DOCUMENTATION_COMMENTS = YES;
				CLANG_WARN_EMPTY_BODY = YES;
				CLANG_WARN_ENUM_CONVERSION = YES;
				CLANG_WARN_INFINITE_RECURSION = YES;
				CLANG_WARN_INT_CONVERSION = YES;
				CLANG_WARN_NON_LITERAL_NULL_CONVERSION = YES;
				CLANG_WARN_OBJC_IMPLICIT_RETAIN_SELF = YES;
				CLANG_WARN_OBJC_LITERAL_CONVERSION = YES;
				CLANG_WARN_OBJC_ROOT_CLASS = YES_ERROR;
				CLANG_WARN_RANGE_LOOP_ANALYSIS = YES;
				CLANG_WARN_STRICT_PROTOTYPES = YES;
				CLANG_WARN_SUSPICIOUS_MOVE = YES;
				CLANG_WARN_UNGUARDED_AVAILABILITY = YES_AGGRESSIVE;
				CLANG_WARN_UNREACHABLE_CODE = YES;
				CLANG_WARN__DUPLICATE_METHOD_MATCH = YES;
				CODE_SIGN_IDENTITY = "iPhone Developer";
				COPY_PHASE_STRIP = NO;
				DEBUG_INFORMATION_FORMAT = "dwarf-with-dsym";
				ENABLE_NS_ASSERTIONS = NO;
				ENABLE_STRICT_OBJC_MSGSEND = YES;
				GCC_C_LANGUAGE_STANDARD = gnu11;
				GCC_NO_COMMON_BLOCKS = YES;
				GCC_WARN_64_TO_32_BIT_CONVERSION = YES;
				GCC_WARN_ABOUT_RETURN_TYPE = YES_ERROR;
				GCC_WARN_UNDECLARED_SELECTOR = YES;
				GCC_WARN_UNINITIALIZED_AUTOS = YES_AGGRESSIVE;
				GCC_WARN_UNUSED_FUNCTION = YES;
				GCC_WARN_UNUSED_VARIABLE = YES;
				IPHONEOS_DEPLOYMENT_TARGET = 11.2;
				MTL_ENABLE_DEBUG_INFO = NO;
				SDKROOT = iphoneos;
				SWIFT_OPTIMIZATION_LEVEL = "-Owholemodule";
				VALIDATE_PRODUCT = YES;
			};
			name = Release;
		};
		F4293EBA2024064100625ED0 /* Debug */ = {
			isa = XCBuildConfiguration;
			buildSettings = {
				ASSETCATALOG_COMPILER_APPICON_NAME = AppIcon;
				CODE_SIGN_STYLE = Automatic;
				DEVELOPMENT_TEAM = 5L829MT285;
				INFOPLIST_FILE = QuizCWC/Info.plist;
				IPHONEOS_DEPLOYMENT_TARGET = 11.2;
				LD_RUNPATH_SEARCH_PATHS = "$(inherited) @executable_path/Frameworks";
				PRODUCT_BUNDLE_IDENTIFIER = VKApps.QuizCWC;
				PRODUCT_NAME = "$(TARGET_NAME)";
				SWIFT_VERSION = 4.0;
				TARGETED_DEVICE_FAMILY = "1,2";
			};
			name = Debug;
		};
		F4293EBB2024064100625ED0 /* Release */ = {
			isa = XCBuildConfiguration;
			buildSettings = {
				ASSETCATALOG_COMPILER_APPICON_NAME = AppIcon;
				CODE_SIGN_STYLE = Automatic;
				DEVELOPMENT_TEAM = 5L829MT285;
				INFOPLIST_FILE = QuizCWC/Info.plist;
				IPHONEOS_DEPLOYMENT_TARGET = 11.2;
				LD_RUNPATH_SEARCH_PATHS = "$(inherited) @executable_path/Frameworks";
				PRODUCT_BUNDLE_IDENTIFIER = VKApps.QuizCWC;
				PRODUCT_NAME = "$(TARGET_NAME)";
				SWIFT_VERSION = 4.0;
				TARGETED_DEVICE_FAMILY = "1,2";
			};
			name = Release;
		};
/* End XCBuildConfiguration section */

/* Begin XCConfigurationList section */
		F4293EA22024064000625ED0 /* Build configuration list for PBXProject "QuizCWC" */ = {
			isa = XCConfigurationList;
			buildConfigurations = (
				F4293EB72024064100625ED0 /* Debug */,
				F4293EB82024064100625ED0 /* Release */,
			);
			defaultConfigurationIsVisible = 0;
			defaultConfigurationName = Release;
		};
		F4293EB92024064100625ED0 /* Build configuration list for PBXNativeTarget "QuizCWC" */ = {
			isa = XCConfigurationList;
			buildConfigurations = (
				F4293EBA2024064100625ED0 /* Debug */,
				F4293EBB2024064100625ED0 /* Release */,
			);
			defaultConfigurationIsVisible = 0;
			defaultConfigurationName = Release;
		};
/* End XCConfigurationList section */
	};
	rootObject = F4293E9F2024064000625ED0 /* Project object */;
}
